// !$*UTF8*$!
{
	archiveVersion = 1;
	classes = {
	};
	objectVersion = 46;
	objects = {

/* Begin PBXBuildFile section */
		2C89468B26B5D5E04F3FA952 /* libPods-Demo.a in Frameworks */ = {isa = PBXBuildFile; fileRef = 19DCD7AA03806DF7FC06999F /* libPods-Demo.a */; };
		8444D11A1F5657E2009D7AF5 /* Public.m in Sources */ = {isa = PBXBuildFile; fileRef = 8444D1191F5657E2009D7AF5 /* Public.m */; };
		8444D12F1F56591C009D7AF5 /* RCRoomSelectCollectionCell.m in Sources */ = {isa = PBXBuildFile; fileRef = 8444D11D1F56591C009D7AF5 /* RCRoomSelectCollectionCell.m */; };
		8444D1301F56591C009D7AF5 /* RCRoomSelectCollectionCell.xib in Resources */ = {isa = PBXBuildFile; fileRef = 8444D11E1F56591C009D7AF5 /* RCRoomSelectCollectionCell.xib */; };
		8444D1311F56591C009D7AF5 /* RCHomeViewController.m in Sources */ = {isa = PBXBuildFile; fileRef = 8444D1211F56591C009D7AF5 /* RCHomeViewController.m */; };
		8444D1321F56591C009D7AF5 /* ViewController.m in Sources */ = {isa = PBXBuildFile; fileRef = 8444D1231F56591C009D7AF5 /* ViewController.m */; };
		8444D1331F56591C009D7AF5 /* AnimationView.m in Sources */ = {isa = PBXBuildFile; fileRef = 8444D1271F56591C009D7AF5 /* AnimationView.m */; };
		8444D1341F56591C009D7AF5 /* AnimationView.xib in Resources */ = {isa = PBXBuildFile; fileRef = 8444D1281F56591C009D7AF5 /* AnimationView.xib */; };
		8444D1351F56591C009D7AF5 /* MoreView.m in Sources */ = {isa = PBXBuildFile; fileRef = 8444D12A1F56591C009D7AF5 /* MoreView.m */; };
		8444D1361F56591C009D7AF5 /* MoreView.xib in Resources */ = {isa = PBXBuildFile; fileRef = 8444D12B1F56591C009D7AF5 /* MoreView.xib */; };
		8444D1371F56591C009D7AF5 /* RoomSelectView.m in Sources */ = {isa = PBXBuildFile; fileRef = 8444D12D1F56591C009D7AF5 /* RoomSelectView.m */; };
		8444D1381F56591C009D7AF5 /* RoomSelectView.xib in Resources */ = {isa = PBXBuildFile; fileRef = 8444D12E1F56591C009D7AF5 /* RoomSelectView.xib */; };
		8444D13B1F565A0E009D7AF5 /* Main.storyboard in Resources */ = {isa = PBXBuildFile; fileRef = 8444D1391F565A0E009D7AF5 /* Main.storyboard */; };
		8460786E1F56531B00C742BA /* main.m in Sources */ = {isa = PBXBuildFile; fileRef = 8460786D1F56531B00C742BA /* main.m */; };
		846078711F56531B00C742BA /* AppDelegate.m in Sources */ = {isa = PBXBuildFile; fileRef = 846078701F56531B00C742BA /* AppDelegate.m */; };
		846078791F56531B00C742BA /* Assets.xcassets in Resources */ = {isa = PBXBuildFile; fileRef = 846078781F56531B00C742BA /* Assets.xcassets */; };
		8460787C1F56531B00C742BA /* LaunchScreen.storyboard in Resources */ = {isa = PBXBuildFile; fileRef = 8460787A1F56531B00C742BA /* LaunchScreen.storyboard */; };
/* End PBXBuildFile section */

/* Begin PBXFileReference section */
		19DCD7AA03806DF7FC06999F /* libPods-Demo.a */ = {isa = PBXFileReference; explicitFileType = archive.ar; includeInIndex = 0; path = "libPods-Demo.a"; sourceTree = BUILT_PRODUCTS_DIR; };
		63635026299DE0DBFED980F8 /* Pods-Demo.debug.xcconfig */ = {isa = PBXFileReference; includeInIndex = 1; lastKnownFileType = text.xcconfig; name = "Pods-Demo.debug.xcconfig"; path = "Pods/Target Support Files/Pods-Demo/Pods-Demo.debug.xcconfig"; sourceTree = "<group>"; };
		8444D1171F565611009D7AF5 /* Common.pch */ = {isa = PBXFileReference; lastKnownFileType = sourcecode.c.h; path = Common.pch; sourceTree = "<group>"; };
		8444D1181F5657E2009D7AF5 /* Public.h */ = {isa = PBXFileReference; fileEncoding = 4; lastKnownFileType = sourcecode.c.h; path = Public.h; sourceTree = "<group>"; };
		8444D1191F5657E2009D7AF5 /* Public.m */ = {isa = PBXFileReference; fileEncoding = 4; lastKnownFileType = sourcecode.c.objc; path = Public.m; sourceTree = "<group>"; };
		8444D11C1F56591C009D7AF5 /* RCRoomSelectCollectionCell.h */ = {isa = PBXFileReference; fileEncoding = 4; lastKnownFileType = sourcecode.c.h; path = RCRoomSelectCollectionCell.h; sourceTree = "<group>"; };
		8444D11D1F56591C009D7AF5 /* RCRoomSelectCollectionCell.m */ = {isa = PBXFileReference; fileEncoding = 4; lastKnownFileType = sourcecode.c.objc; path = RCRoomSelectCollectionCell.m; sourceTree = "<group>"; };
		8444D11E1F56591C009D7AF5 /* RCRoomSelectCollectionCell.xib */ = {isa = PBXFileReference; fileEncoding = 4; lastKnownFileType = file.xib; path = RCRoomSelectCollectionCell.xib; sourceTree = "<group>"; };
		8444D1201F56591C009D7AF5 /* RCHomeViewController.h */ = {isa = PBXFileReference; fileEncoding = 4; lastKnownFileType = sourcecode.c.h; path = RCHomeViewController.h; sourceTree = "<group>"; };
		8444D1211F56591C009D7AF5 /* RCHomeViewController.m */ = {isa = PBXFileReference; fileEncoding = 4; lastKnownFileType = sourcecode.c.objc; path = RCHomeViewController.m; sourceTree = "<group>"; };
		8444D1221F56591C009D7AF5 /* ViewController.h */ = {isa = PBXFileReference; fileEncoding = 4; lastKnownFileType = sourcecode.c.h; path = ViewController.h; sourceTree = "<group>"; };
		8444D1231F56591C009D7AF5 /* ViewController.m */ = {isa = PBXFileReference; fileEncoding = 4; lastKnownFileType = sourcecode.c.objc; path = ViewController.m; sourceTree = "<group>"; };
		8444D1261F56591C009D7AF5 /* AnimationView.h */ = {isa = PBXFileReference; fileEncoding = 4; lastKnownFileType = sourcecode.c.h; path = AnimationView.h; sourceTree = "<group>"; };
		8444D1271F56591C009D7AF5 /* AnimationView.m */ = {isa = PBXFileReference; fileEncoding = 4; lastKnownFileType = sourcecode.c.objc; path = AnimationView.m; sourceTree = "<group>"; };
		8444D1281F56591C009D7AF5 /* AnimationView.xib */ = {isa = PBXFileReference; fileEncoding = 4; lastKnownFileType = file.xib; path = AnimationView.xib; sourceTree = "<group>"; };
		8444D1291F56591C009D7AF5 /* MoreView.h */ = {isa = PBXFileReference; fileEncoding = 4; lastKnownFileType = sourcecode.c.h; path = MoreView.h; sourceTree = "<group>"; };
		8444D12A1F56591C009D7AF5 /* MoreView.m */ = {isa = PBXFileReference; fileEncoding = 4; lastKnownFileType = sourcecode.c.objc; path = MoreView.m; sourceTree = "<group>"; };
		8444D12B1F56591C009D7AF5 /* MoreView.xib */ = {isa = PBXFileReference; fileEncoding = 4; lastKnownFileType = file.xib; path = MoreView.xib; sourceTree = "<group>"; };
		8444D12C1F56591C009D7AF5 /* RoomSelectView.h */ = {isa = PBXFileReference; fileEncoding = 4; lastKnownFileType = sourcecode.c.h; path = RoomSelectView.h; sourceTree = "<group>"; };
		8444D12D1F56591C009D7AF5 /* RoomSelectView.m */ = {isa = PBXFileReference; fileEncoding = 4; lastKnownFileType = sourcecode.c.objc; path = RoomSelectView.m; sourceTree = "<group>"; };
		8444D12E1F56591C009D7AF5 /* RoomSelectView.xib */ = {isa = PBXFileReference; fileEncoding = 4; lastKnownFileType = file.xib; path = RoomSelectView.xib; sourceTree = "<group>"; };
		8444D13A1F565A0E009D7AF5 /* Base */ = {isa = PBXFileReference; lastKnownFileType = file.storyboard; name = Base; path = Base.lproj/Main.storyboard; sourceTree = "<group>"; };
		846078691F56531B00C742BA /* Demo.app */ = {isa = PBXFileReference; explicitFileType = wrapper.application; includeInIndex = 0; path = Demo.app; sourceTree = BUILT_PRODUCTS_DIR; };
		8460786D1F56531B00C742BA /* main.m */ = {isa = PBXFileReference; lastKnownFileType = sourcecode.c.objc; path = main.m; sourceTree = "<group>"; };
		8460786F1F56531B00C742BA /* AppDelegate.h */ = {isa = PBXFileReference; lastKnownFileType = sourcecode.c.h; path = AppDelegate.h; sourceTree = "<group>"; };
		846078701F56531B00C742BA /* AppDelegate.m */ = {isa = PBXFileReference; lastKnownFileType = sourcecode.c.objc; path = AppDelegate.m; sourceTree = "<group>"; };
		846078781F56531B00C742BA /* Assets.xcassets */ = {isa = PBXFileReference; lastKnownFileType = folder.assetcatalog; path = Assets.xcassets; sourceTree = "<group>"; };
		8460787B1F56531B00C742BA /* Base */ = {isa = PBXFileReference; lastKnownFileType = file.storyboard; name = Base; path = Base.lproj/LaunchScreen.storyboard; sourceTree = "<group>"; };
		8460787D1F56531B00C742BA /* Info.plist */ = {isa = PBXFileReference; lastKnownFileType = text.plist.xml; path = Info.plist; sourceTree = "<group>"; };
		D76EF936FE12E773A7D46B1E /* Pods-Demo.release.xcconfig */ = {isa = PBXFileReference; includeInIndex = 1; lastKnownFileType = text.xcconfig; name = "Pods-Demo.release.xcconfig"; path = "Pods/Target Support Files/Pods-Demo/Pods-Demo.release.xcconfig"; sourceTree = "<group>"; };
/* End PBXFileReference section */

/* Begin PBXFrameworksBuildPhase section */
		846078661F56531B00C742BA /* Frameworks */ = {
			isa = PBXFrameworksBuildPhase;
			buildActionMask = 2147483647;
			files = (
				2C89468B26B5D5E04F3FA952 /* libPods-Demo.a in Frameworks */,
			);
			runOnlyForDeploymentPostprocessing = 0;
		};
/* End PBXFrameworksBuildPhase section */

/* Begin PBXGroup section */
		61D165E4D9AEE0E7BFE162CD /* Frameworks */ = {
			isa = PBXGroup;
			children = (
				19DCD7AA03806DF7FC06999F /* libPods-Demo.a */,
			);
			name = Frameworks;
			sourceTree = "<group>";
		};
		8444D11B1F56591C009D7AF5 /* Cells */ = {
			isa = PBXGroup;
			children = (
				8444D11C1F56591C009D7AF5 /* RCRoomSelectCollectionCell.h */,
				8444D11D1F56591C009D7AF5 /* RCRoomSelectCollectionCell.m */,
				8444D11E1F56591C009D7AF5 /* RCRoomSelectCollectionCell.xib */,
			);
			path = Cells;
			sourceTree = "<group>";
		};
		8444D11F1F56591C009D7AF5 /* Controllers */ = {
			isa = PBXGroup;
			children = (
				8444D1201F56591C009D7AF5 /* RCHomeViewController.h */,
				8444D1211F56591C009D7AF5 /* RCHomeViewController.m */,
				8444D1221F56591C009D7AF5 /* ViewController.h */,
				8444D1231F56591C009D7AF5 /* ViewController.m */,
			);
			path = Controllers;
			sourceTree = "<group>";
		};
		8444D1241F56591C009D7AF5 /* Modes */ = {
			isa = PBXGroup;
			children = (
			);
			path = Modes;
			sourceTree = "<group>";
		};
		8444D1251F56591C009D7AF5 /* Views */ = {
			isa = PBXGroup;
			children = (
				8444D1261F56591C009D7AF5 /* AnimationView.h */,
				8444D1271F56591C009D7AF5 /* AnimationView.m */,
				8444D1281F56591C009D7AF5 /* AnimationView.xib */,
				8444D1291F56591C009D7AF5 /* MoreView.h */,
				8444D12A1F56591C009D7AF5 /* MoreView.m */,
				8444D12B1F56591C009D7AF5 /* MoreView.xib */,
				8444D12C1F56591C009D7AF5 /* RoomSelectView.h */,
				8444D12D1F56591C009D7AF5 /* RoomSelectView.m */,
				8444D12E1F56591C009D7AF5 /* RoomSelectView.xib */,
			);
			path = Views;
			sourceTree = "<group>";
		};
		846078601F56531B00C742BA = {
			isa = PBXGroup;
			children = (
				8460786B1F56531B00C742BA /* Demo */,
				8460786A1F56531B00C742BA /* Products */,
				9D3CF8285F84CBF5006EF183 /* Pods */,
				61D165E4D9AEE0E7BFE162CD /* Frameworks */,
			);
			sourceTree = "<group>";
		};
		8460786A1F56531B00C742BA /* Products */ = {
			isa = PBXGroup;
			children = (
				846078691F56531B00C742BA /* Demo.app */,
			);
			name = Products;
			sourceTree = "<group>";
		};
		8460786B1F56531B00C742BA /* Demo */ = {
			isa = PBXGroup;
			children = (
				8444D11B1F56591C009D7AF5 /* Cells */,
				8444D11F1F56591C009D7AF5 /* Controllers */,
				8444D1241F56591C009D7AF5 /* Modes */,
				8444D1251F56591C009D7AF5 /* Views */,
				8460786F1F56531B00C742BA /* AppDelegate.h */,
				846078701F56531B00C742BA /* AppDelegate.m */,
				8444D1391F565A0E009D7AF5 /* Main.storyboard */,
				8444D1181F5657E2009D7AF5 /* Public.h */,
				8444D1191F5657E2009D7AF5 /* Public.m */,
				8444D1171F565611009D7AF5 /* Common.pch */,
				846078781F56531B00C742BA /* Assets.xcassets */,
				8460787A1F56531B00C742BA /* LaunchScreen.storyboard */,
				8460787D1F56531B00C742BA /* Info.plist */,
				8460786C1F56531B00C742BA /* Supporting Files */,
			);
			path = Demo;
			sourceTree = "<group>";
		};
		8460786C1F56531B00C742BA /* Supporting Files */ = {
			isa = PBXGroup;
			children = (
				8460786D1F56531B00C742BA /* main.m */,
			);
			name = "Supporting Files";
			sourceTree = "<group>";
		};
		9D3CF8285F84CBF5006EF183 /* Pods */ = {
			isa = PBXGroup;
			children = (
				63635026299DE0DBFED980F8 /* Pods-Demo.debug.xcconfig */,
				D76EF936FE12E773A7D46B1E /* Pods-Demo.release.xcconfig */,
			);
			name = Pods;
			sourceTree = "<group>";
		};
/* End PBXGroup section */

/* Begin PBXNativeTarget section */
		846078681F56531B00C742BA /* Demo */ = {
			isa = PBXNativeTarget;
			buildConfigurationList = 846078801F56531B00C742BA /* Build configuration list for PBXNativeTarget "Demo" */;
			buildPhases = (
				CE364854F184985DDE72BA07 /* [CP] Check Pods Manifest.lock */,
				846078651F56531B00C742BA /* Sources */,
				846078661F56531B00C742BA /* Frameworks */,
				846078671F56531B00C742BA /* Resources */,
				4B25220D6DE9C462C1B882D9 /* [CP] Embed Pods Frameworks */,
				36B8D6F92329F60E240A53A0 /* [CP] Copy Pods Resources */,
			);
			buildRules = (
			);
			dependencies = (
			);
			name = Demo;
			productName = Demo;
			productReference = 846078691F56531B00C742BA /* Demo.app */;
			productType = "com.apple.product-type.application";
		};
/* End PBXNativeTarget section */

/* Begin PBXProject section */
		846078611F56531B00C742BA /* Project object */ = {
			isa = PBXProject;
			attributes = {
				LastUpgradeCheck = 0830;
				ORGANIZATIONNAME = Jha;
				TargetAttributes = {
					846078681F56531B00C742BA = {
						CreatedOnToolsVersion = 8.3.3;
						ProvisioningStyle = Automatic;
					};
				};
			};
			buildConfigurationList = 846078641F56531B00C742BA /* Build configuration list for PBXProject "Demo" */;
			compatibilityVersion = "Xcode 3.2";
			developmentRegion = English;
			hasScannedForEncodings = 0;
			knownRegions = (
				en,
				Base,
			);
			mainGroup = 846078601F56531B00C742BA;
			productRefGroup = 8460786A1F56531B00C742BA /* Products */;
			projectDirPath = "";
			projectRoot = "";
			targets = (
				846078681F56531B00C742BA /* Demo */,
			);
		};
/* End PBXProject section */

/* Begin PBXResourcesBuildPhase section */
		846078671F56531B00C742BA /* Resources */ = {
			isa = PBXResourcesBuildPhase;
			buildActionMask = 2147483647;
			files = (
				8444D13B1F565A0E009D7AF5 /* Main.storyboard in Resources */,
				8460787C1F56531B00C742BA /* LaunchScreen.storyboard in Resources */,
				8444D1301F56591C009D7AF5 /* RCRoomSelectCollectionCell.xib in Resources */,
				846078791F56531B00C742BA /* Assets.xcassets in Resources */,
				8444D1341F56591C009D7AF5 /* AnimationView.xib in Resources */,
				8444D1381F56591C009D7AF5 /* RoomSelectView.xib in Resources */,
				8444D1361F56591C009D7AF5 /* MoreView.xib in Resources */,
			);
			runOnlyForDeploymentPostprocessing = 0;
		};
/* End PBXResourcesBuildPhase section */

/* Begin PBXShellScriptBuildPhase section */
		36B8D6F92329F60E240A53A0 /* [CP] Copy Pods Resources */ = {
			isa = PBXShellScriptBuildPhase;
			buildActionMask = 2147483647;
			files = (
			);
			inputPaths = (
			);
			name = "[CP] Copy Pods Resources";
			outputPaths = (
			);
			runOnlyForDeploymentPostprocessing = 0;
			shellPath = /bin/sh;
			shellScript = "\"${SRCROOT}/Pods/Target Support Files/Pods-Demo/Pods-Demo-resources.sh\"\n";
			showEnvVarsInLog = 0;
		};
		4B25220D6DE9C462C1B882D9 /* [CP] Embed Pods Frameworks */ = {
			isa = PBXShellScriptBuildPhase;
			buildActionMask = 2147483647;
			files = (
			);
			inputPaths = (
			);
			name = "[CP] Embed Pods Frameworks";
			outputPaths = (
			);
			runOnlyForDeploymentPostprocessing = 0;
			shellPath = /bin/sh;
			shellScript = "\"${SRCROOT}/Pods/Target Support Files/Pods-Demo/Pods-Demo-frameworks.sh\"\n";
			showEnvVarsInLog = 0;
		};
		CE364854F184985DDE72BA07 /* [CP] Check Pods Manifest.lock */ = {
			isa = PBXShellScriptBuildPhase;
			buildActionMask = 2147483647;
			files = (
			);
			inputPaths = (
			);
			name = "[CP] Check Pods Manifest.lock";
			outputPaths = (
			);
			runOnlyForDeploymentPostprocessing = 0;
			shellPath = /bin/sh;
			shellScript = "diff \"${PODS_PODFILE_DIR_PATH}/Podfile.lock\" \"${PODS_ROOT}/Manifest.lock\" > /dev/null\nif [ $? != 0 ] ; then\n    # print error to STDERR\n    echo \"error: The sandbox is not in sync with the Podfile.lock. Run 'pod install' or update your CocoaPods installation.\" >&2\n    exit 1\nfi\n";
			showEnvVarsInLog = 0;
		};
/* End PBXShellScriptBuildPhase section */

/* Begin PBXSourcesBuildPhase section */
		846078651F56531B00C742BA /* Sources */ = {
			isa = PBXSourcesBuildPhase;
			buildActionMask = 2147483647;
			files = (
				8444D1321F56591C009D7AF5 /* ViewController.m in Sources */,
				846078711F56531B00C742BA /* AppDelegate.m in Sources */,
				8444D1371F56591C009D7AF5 /* RoomSelectView.m in Sources */,
				8444D1311F56591C009D7AF5 /* RCHomeViewController.m in Sources */,
				8444D12F1F56591C009D7AF5 /* RCRoomSelectCollectionCell.m in Sources */,
				8444D1331F56591C009D7AF5 /* AnimationView.m in Sources */,
				8444D1351F56591C009D7AF5 /* MoreView.m in Sources */,
				8444D11A1F5657E2009D7AF5 /* Public.m in Sources */,
				8460786E1F56531B00C742BA /* main.m in Sources */,
			);
			runOnlyForDeploymentPostprocessing = 0;
		};
/* End PBXSourcesBuildPhase section */

/* Begin PBXVariantGroup section */
		8444D1391F565A0E009D7AF5 /* Main.storyboard */ = {
			isa = PBXVariantGroup;
			children = (
				8444D13A1F565A0E009D7AF5 /* Base */,
			);
			name = Main.storyboard;
			sourceTree = "<group>";
		};
		8460787A1F56531B00C742BA /* LaunchScreen.storyboard */ = {
			isa = PBXVariantGroup;
			children = (
				8460787B1F56531B00C742BA /* Base */,
			);
			name = LaunchScreen.storyboard;
			sourceTree = "<group>";
		};
/* End PBXVariantGroup section */

/* Begin XCBuildConfiguration section */
		8460787E1F56531B00C742BA /* Debug */ = {
			isa = XCBuildConfiguration;
			buildSettings = {
				ALWAYS_SEARCH_USER_PATHS = NO;
				CLANG_ANALYZER_NONNULL = YES;
				CLANG_ANALYZER_NUMBER_OBJECT_CONVERSION = YES_AGGRESSIVE;
				CLANG_CXX_LANGUAGE_STANDARD = "gnu++0x";
				CLANG_CXX_LIBRARY = "libc++";
				CLANG_ENABLE_MODULES = YES;
				CLANG_ENABLE_OBJC_ARC = YES;
				CLANG_WARN_BOOL_CONVERSION = YES;
				CLANG_WARN_CONSTANT_CONVERSION = YES;
				CLANG_WARN_DIRECT_OBJC_ISA_USAGE = YES_ERROR;
				CLANG_WARN_DOCUMENTATION_COMMENTS = YES;
				CLANG_WARN_EMPTY_BODY = YES;
				CLANG_WARN_ENUM_CONVERSION = YES;
				CLANG_WARN_INFINITE_RECURSION = YES;
				CLANG_WARN_INT_CONVERSION = YES;
				CLANG_WARN_OBJC_ROOT_CLASS = YES_ERROR;
				CLANG_WARN_SUSPICIOUS_MOVE = YES;
				CLANG_WARN_UNREACHABLE_CODE = YES;
				CLANG_WARN__DUPLICATE_METHOD_MATCH = YES;
				"CODE_SIGN_IDENTITY[sdk=iphoneos*]" = "iPhone Developer";
				COPY_PHASE_STRIP = NO;
				DEBUG_INFORMATION_FORMAT = dwarf;
				ENABLE_STRICT_OBJC_MSGSEND = YES;
				ENABLE_TESTABILITY = YES;
				GCC_C_LANGUAGE_STANDARD = gnu99;
				GCC_DYNAMIC_NO_PIC = NO;
				GCC_NO_COMMON_BLOCKS = YES;
				GCC_OPTIMIZATION_LEVEL = 0;
				GCC_PREPROCESSOR_DEFINITIONS = (
					"DEBUG=1",
					"$(inherited)",
				);
				GCC_WARN_64_TO_32_BIT_CONVERSION = YES;
				GCC_WARN_ABOUT_RETURN_TYPE = YES_ERROR;
				GCC_WARN_UNDECLARED_SELECTOR = YES;
				GCC_WARN_UNINITIALIZED_AUTOS = YES_AGGRESSIVE;
				GCC_WARN_UNUSED_FUNCTION = YES;
				GCC_WARN_UNUSED_VARIABLE = YES;
				IPHONEOS_DEPLOYMENT_TARGET = 10.3;
				MTL_ENABLE_DEBUG_INFO = YES;
				ONLY_ACTIVE_ARCH = YES;
				SDKROOT = iphoneos;
				TARGETED_DEVICE_FAMILY = "1,2";
			};
			name = Debug;
		};
		8460787F1F56531B00C742BA /* Release */ = {
			isa = XCBuildConfiguration;
			buildSettings = {
				ALWAYS_SEARCH_USER_PATHS = NO;
				CLANG_ANALYZER_NONNULL = YES;
				CLANG_ANALYZER_NUMBER_OBJECT_CONVERSION = YES_AGGRESSIVE;
				CLANG_CXX_LANGUAGE_STANDARD = "gnu++0x";
				CLANG_CXX_LIBRARY = "libc++";
				CLANG_ENABLE_MODULES = YES;
				CLANG_ENABLE_OBJC_ARC = YES;
				CLANG_WARN_BOOL_CONVERSION = YES;
				CLANG_WARN_CONSTANT_CONVERSION = YES;
				CLANG_WARN_DIRECT_OBJC_ISA_USAGE = YES_ERROR;
				CLANG_WARN_DOCUMENTATION_COMMENTS = YES;
				CLANG_WARN_EMPTY_BODY = YES;
				CLANG_WARN_ENUM_CONVERSION = YES;
				CLANG_WARN_INFINITE_RECURSION = YES;
				CLANG_WARN_INT_CONVERSION = YES;
				CLANG_WARN_OBJC_ROOT_CLASS = YES_ERROR;
				CLANG_WARN_SUSPICIOUS_MOVE = YES;
				CLANG_WARN_UNREACHABLE_CODE = YES;
				CLANG_WARN__DUPLICATE_METHOD_MATCH = YES;
				"CODE_SIGN_IDENTITY[sdk=iphoneos*]" = "iPhone Developer";
				COPY_PHASE_STRIP = NO;
				DEBUG_INFORMATION_FORMAT = "dwarf-with-dsym";
				ENABLE_NS_ASSERTIONS = NO;
				ENABLE_STRICT_OBJC_MSGSEND = YES;
				GCC_C_LANGUAGE_STANDARD = gnu99;
				GCC_NO_COMMON_BLOCKS = YES;
				GCC_WARN_64_TO_32_BIT_CONVERSION = YES;
				GCC_WARN_ABOUT_RETURN_TYPE = YES_ERROR;
				GCC_WARN_UNDECLARED_SELECTOR = YES;
				GCC_WARN_UNINITIALIZED_AUTOS = YES_AGGRESSIVE;
				GCC_WARN_UNUSED_FUNCTION = YES;
				GCC_WARN_UNUSED_VARIABLE = YES;
				IPHONEOS_DEPLOYMENT_TARGET = 10.3;
				MTL_ENABLE_DEBUG_INFO = NO;
				SDKROOT = iphoneos;
				TARGETED_DEVICE_FAMILY = "1,2";
				VALIDATE_PRODUCT = YES;
			};
			name = Release;
		};
		846078811F56531B00C742BA /* Debug */ = {
			isa = XCBuildConfiguration;
			baseConfigurationReference = 63635026299DE0DBFED980F8 /* Pods-Demo.debug.xcconfig */;
			buildSettings = {
				ASSETCATALOG_COMPILER_APPICON_NAME = AppIcon;
				GCC_PREFIX_HEADER = "$(SRCROOT)/$(PROJECT_NAME)/Common.pch";
				INFOPLIST_FILE = Demo/Info.plist;
				LD_RUNPATH_SEARCH_PATHS = "$(inherited) @executable_path/Frameworks";
				PRODUCT_BUNDLE_IDENTIFIER = com.Jha.Demo;
				PRODUCT_NAME = "$(TARGET_NAME)";
			};
			name = Debug;
		};
		846078821F56531B00C742BA /* Release */ = {
			isa = XCBuildConfiguration;
			baseConfigurationReference = D76EF936FE12E773A7D46B1E /* Pods-Demo.release.xcconfig */;
			buildSettings = {
				ASSETCATALOG_COMPILER_APPICON_NAME = AppIcon;
				GCC_PREFIX_HEADER = "$(SRCROOT)/$(PROJECT_NAME)/Common.pch";
				INFOPLIST_FILE = Demo/Info.plist;
				LD_RUNPATH_SEARCH_PATHS = "$(inherited) @executable_path/Frameworks";
				PRODUCT_BUNDLE_IDENTIFIER = com.Jha.Demo;
				PRODUCT_NAME = "$(TARGET_NAME)";
			};
			name = Release;
		};
/* End XCBuildConfiguration section */

/* Begin XCConfigurationList section */
		846078641F56531B00C742BA /* Build configuration list for PBXProject "Demo" */ = {
			isa = XCConfigurationList;
			buildConfigurations = (
				8460787E1F56531B00C742BA /* Debug */,
				8460787F1F56531B00C742BA /* Release */,
			);
			defaultConfigurationIsVisible = 0;
			defaultConfigurationName = Release;
		};
		846078801F56531B00C742BA /* Build configuration list for PBXNativeTarget "Demo" */ = {
			isa = XCConfigurationList;
			buildConfigurations = (
				846078811F56531B00C742BA /* Debug */,
				846078821F56531B00C742BA /* Release */,
			);
			defaultConfigurationIsVisible = 0;
			defaultConfigurationName = Release;
		};
/* End XCConfigurationList section */
	};
	rootObject = 846078611F56531B00C742BA /* Project object */;
}
